
Microsoft Visual Studio Solution File, Format Version 12.00
# Visual Studio Version 17
VisualStudioVersion = 17.11.35303.130
MinimumVisualStudioVersion = 10.0.40219.1
Project("{FAE04EC0-301F-11D3-BF4B-00C04F79EFBC}") = "MeuProjeto", "MeuProjeto\MeuProjeto.csproj", "{388043F9-9D4B-4982-81AE-7185B377DBCD}"
EndProject
Global
	GlobalSection(SolutionConfigurationPlatforms) = preSolution
		Debug|Any CPU = Debug|Any CPU
		Release|Any CPU = Release|Any CPU
	EndGlobalSection
	GlobalSection(ProjectConfigurationPlatforms) = postSolution
		{388043F9-9D4B-4982-81AE-7185B377DBCD}.Debug|Any CPU.ActiveCfg = Debug|Any CPU
		{388043F9-9D4B-4982-81AE-7185B377DBCD}.Debug|Any CPU.Build.0 = Debug|Any CPU
		{388043F9-9D4B-4982-81AE-7185B377DBCD}.Release|Any CPU.ActiveCfg = Release|Any CPU
		{388043F9-9D4B-4982-81AE-7185B377DBCD}.Release|Any CPU.Build.0 = Release|Any CPU
	EndGlobalSection
	GlobalSection(SolutionProperties) = preSolution
		HideSolutionNode = FALSE
	EndGlobalSection
	GlobalSection(ExtensibilityGlobals) = postSolution
		SolutionGuid = {BE8C03F3-5855-4F3E-B81C-112CB3A8D1CD}
	EndGlobalSection
EndGlobal
