
Microsoft Visual Studio Solution File, Format Version 12.00
# Visual Studio Version 17
VisualStudioVersion = 17.11.35303.130
MinimumVisualStudioVersion = 10.0.40219.1
Project("{9A19103F-16F7-4668-BE54-9A1E7A4F7556}") = "Ex1", "Ex1\Ex1.csproj", "{3D63E696-ACD9-4108-9725-9DD04F6437C8}"
EndProject
Project("{9A19103F-16F7-4668-BE54-9A1E7A4F7556}") = "Ex2", "Ex2\Ex2.csproj", "{FA49380D-56BD-4FF3-9456-3C54B7CAB0B4}"
EndProject
Project("{9A19103F-16F7-4668-BE54-9A1E7A4F7556}") = "Ex3", "Ex3\Ex3.csproj", "{D588C2F9-8107-403F-9774-F6B81F121830}"
EndProject
Project("{9A19103F-16F7-4668-BE54-9A1E7A4F7556}") = "Ex4", "Ex4\Ex4.csproj", "{CD26BF4C-C1C8-4CAA-8BBC-57D4BEEF1176}"
EndProject
Project("{9A19103F-16F7-4668-BE54-9A1E7A4F7556}") = "Ex5", "Ex5\Ex5.csproj", "{80390203-DAEF-418B-84CB-4E573A19FCB1}"
EndProject
Project("{9A19103F-16F7-4668-BE54-9A1E7A4F7556}") = "Ex5b", "Ex5b\Ex5b.csproj", "{4C3FA19B-4897-4A44-AD32-C710CCBCD2F1}"
EndProject
Project("{9A19103F-16F7-4668-BE54-9A1E7A4F7556}") = "Ex6", "Ex6\Ex6.csproj", "{6C70598E-30D1-4E13-B2BC-500751FE6172}"
EndProject
Project("{9A19103F-16F7-4668-BE54-9A1E7A4F7556}") = "Ex7", "Ex6-0\Ex7.csproj", "{937A4CE5-CACC-42E0-9B41-1AF365F19F39}"
EndProject
Project("{9A19103F-16F7-4668-BE54-9A1E7A4F7556}") = "Ex10", "Ex10\Ex10.csproj", "{C5B01E91-DEEA-4120-916F-53728121829F}"
EndProject
Project("{9A19103F-16F7-4668-BE54-9A1E7A4F7556}") = "Ex11", "Ex11\Ex11.csproj", "{77621436-84FE-404F-B644-C3AC785C6B00}"
EndProject
Project("{FAE04EC0-301F-11D3-BF4B-00C04F79EFBC}") = "Ex09", "Ex09\Ex09.csproj", "{2BEFA63E-335D-4293-9659-9CE175C79021}"
EndProject
Project("{FAE04EC0-301F-11D3-BF4B-00C04F79EFBC}") = "Ex8", "Ex8\Ex8.csproj", "{3D9C01BE-6116-44D9-8515-733F4B475FCA}"
EndProject
Global
	GlobalSection(SolutionConfigurationPlatforms) = preSolution
		Debug|Any CPU = Debug|Any CPU
		Release|Any CPU = Release|Any CPU
	EndGlobalSection
	GlobalSection(ProjectConfigurationPlatforms) = postSolution
		{3D63E696-ACD9-4108-9725-9DD04F6437C8}.Debug|Any CPU.ActiveCfg = Debug|Any CPU
		{3D63E696-ACD9-4108-9725-9DD04F6437C8}.Debug|Any CPU.Build.0 = Debug|Any CPU
		{3D63E696-ACD9-4108-9725-9DD04F6437C8}.Release|Any CPU.ActiveCfg = Release|Any CPU
		{3D63E696-ACD9-4108-9725-9DD04F6437C8}.Release|Any CPU.Build.0 = Release|Any CPU
		{FA49380D-56BD-4FF3-9456-3C54B7CAB0B4}.Debug|Any CPU.ActiveCfg = Debug|Any CPU
		{FA49380D-56BD-4FF3-9456-3C54B7CAB0B4}.Debug|Any CPU.Build.0 = Debug|Any CPU
		{FA49380D-56BD-4FF3-9456-3C54B7CAB0B4}.Release|Any CPU.ActiveCfg = Release|Any CPU
		{FA49380D-56BD-4FF3-9456-3C54B7CAB0B4}.Release|Any CPU.Build.0 = Release|Any CPU
		{D588C2F9-8107-403F-9774-F6B81F121830}.Debug|Any CPU.ActiveCfg = Debug|Any CPU
		{D588C2F9-8107-403F-9774-F6B81F121830}.Debug|Any CPU.Build.0 = Debug|Any CPU
		{D588C2F9-8107-403F-9774-F6B81F121830}.Release|Any CPU.ActiveCfg = Release|Any CPU
		{D588C2F9-8107-403F-9774-F6B81F121830}.Release|Any CPU.Build.0 = Release|Any CPU
		{CD26BF4C-C1C8-4CAA-8BBC-57D4BEEF1176}.Debug|Any CPU.ActiveCfg = Debug|Any CPU
		{CD26BF4C-C1C8-4CAA-8BBC-57D4BEEF1176}.Debug|Any CPU.Build.0 = Debug|Any CPU
		{CD26BF4C-C1C8-4CAA-8BBC-57D4BEEF1176}.Release|Any CPU.ActiveCfg = Release|Any CPU
		{CD26BF4C-C1C8-4CAA-8BBC-57D4BEEF1176}.Release|Any CPU.Build.0 = Release|Any CPU
		{80390203-DAEF-418B-84CB-4E573A19FCB1}.Debug|Any CPU.ActiveCfg = Debug|Any CPU
		{80390203-DAEF-418B-84CB-4E573A19FCB1}.Debug|Any CPU.Build.0 = Debug|Any CPU
		{80390203-DAEF-418B-84CB-4E573A19FCB1}.Release|Any CPU.ActiveCfg = Release|Any CPU
		{80390203-DAEF-418B-84CB-4E573A19FCB1}.Release|Any CPU.Build.0 = Release|Any CPU
		{4C3FA19B-4897-4A44-AD32-C710CCBCD2F1}.Debug|Any CPU.ActiveCfg = Debug|Any CPU
		{4C3FA19B-4897-4A44-AD32-C710CCBCD2F1}.Debug|Any CPU.Build.0 = Debug|Any CPU
		{4C3FA19B-4897-4A44-AD32-C710CCBCD2F1}.Release|Any CPU.ActiveCfg = Release|Any CPU
		{4C3FA19B-4897-4A44-AD32-C710CCBCD2F1}.Release|Any CPU.Build.0 = Release|Any CPU
		{6C70598E-30D1-4E13-B2BC-500751FE6172}.Debug|Any CPU.ActiveCfg = Debug|Any CPU
		{6C70598E-30D1-4E13-B2BC-500751FE6172}.Debug|Any CPU.Build.0 = Debug|Any CPU
		{6C70598E-30D1-4E13-B2BC-500751FE6172}.Release|Any CPU.ActiveCfg = Release|Any CPU
		{6C70598E-30D1-4E13-B2BC-500751FE6172}.Release|Any CPU.Build.0 = Release|Any CPU
		{937A4CE5-CACC-42E0-9B41-1AF365F19F39}.Debug|Any CPU.ActiveCfg = Debug|Any CPU
		{937A4CE5-CACC-42E0-9B41-1AF365F19F39}.Debug|Any CPU.Build.0 = Debug|Any CPU
		{937A4CE5-CACC-42E0-9B41-1AF365F19F39}.Release|Any CPU.ActiveCfg = Release|Any CPU
		{937A4CE5-CACC-42E0-9B41-1AF365F19F39}.Release|Any CPU.Build.0 = Release|Any CPU
		{C5B01E91-DEEA-4120-916F-53728121829F}.Debug|Any CPU.ActiveCfg = Debug|Any CPU
		{C5B01E91-DEEA-4120-916F-53728121829F}.Debug|Any CPU.Build.0 = Debug|Any CPU
		{C5B01E91-DEEA-4120-916F-53728121829F}.Release|Any CPU.ActiveCfg = Release|Any CPU
		{C5B01E91-DEEA-4120-916F-53728121829F}.Release|Any CPU.Build.0 = Release|Any CPU
		{77621436-84FE-404F-B644-C3AC785C6B00}.Debug|Any CPU.ActiveCfg = Debug|Any CPU
		{77621436-84FE-404F-B644-C3AC785C6B00}.Debug|Any CPU.Build.0 = Debug|Any CPU
		{77621436-84FE-404F-B644-C3AC785C6B00}.Release|Any CPU.ActiveCfg = Release|Any CPU
		{77621436-84FE-404F-B644-C3AC785C6B00}.Release|Any CPU.Build.0 = Release|Any CPU
		{2BEFA63E-335D-4293-9659-9CE175C79021}.Debug|Any CPU.ActiveCfg = Debug|Any CPU
		{2BEFA63E-335D-4293-9659-9CE175C79021}.Debug|Any CPU.Build.0 = Debug|Any CPU
		{2BEFA63E-335D-4293-9659-9CE175C79021}.Release|Any CPU.ActiveCfg = Release|Any CPU
		{2BEFA63E-335D-4293-9659-9CE175C79021}.Release|Any CPU.Build.0 = Release|Any CPU
		{3D9C01BE-6116-44D9-8515-733F4B475FCA}.Debug|Any CPU.ActiveCfg = Debug|Any CPU
		{3D9C01BE-6116-44D9-8515-733F4B475FCA}.Debug|Any CPU.Build.0 = Debug|Any CPU
		{3D9C01BE-6116-44D9-8515-733F4B475FCA}.Release|Any CPU.ActiveCfg = Release|Any CPU
		{3D9C01BE-6116-44D9-8515-733F4B475FCA}.Release|Any CPU.Build.0 = Release|Any CPU
	EndGlobalSection
	GlobalSection(SolutionProperties) = preSolution
		HideSolutionNode = FALSE
	EndGlobalSection
	GlobalSection(ExtensibilityGlobals) = postSolution
		SolutionGuid = {FD4449DC-ECDE-4165-ADA6-8B319348E36E}
	EndGlobalSection
EndGlobal
