
Microsoft Visual Studio Solution File, Format Version 12.00
# Visual Studio Version 17
VisualStudioVersion = 17.11.35303.130
MinimumVisualStudioVersion = 10.0.40219.1
Project("{9A19103F-16F7-4668-BE54-9A1E7A4F7556}") = "Ex1", "Ex1\Ex1.csproj", "{3F83869E-71CA-476D-B0CA-00A74558F05A}"
EndProject
Project("{9A19103F-16F7-4668-BE54-9A1E7A4F7556}") = "Ex2", "Ex2\Ex2.csproj", "{3F8891A6-DF78-4B83-9BC8-0F2025CE55E7}"
EndProject
Project("{9A19103F-16F7-4668-BE54-9A1E7A4F7556}") = "Ex3", "Ex3\Ex3.csproj", "{455941D1-0A2D-45C7-A4EC-66DF8955B5A6}"
EndProject
Project("{9A19103F-16F7-4668-BE54-9A1E7A4F7556}") = "Ex4", "Ex4\Ex4.csproj", "{00EB8005-A045-47B7-A260-D04BEC79A0E4}"
EndProject
Project("{FAE04EC0-301F-11D3-BF4B-00C04F79EFBC}") = "Ex5", "Ex5\Ex5.csproj", "{6386ED48-30C3-4533-8978-105B5C147DCE}"
EndProject
Project("{FAE04EC0-301F-11D3-BF4B-00C04F79EFBC}") = "Ex6", "Ex6\Ex6.csproj", "{725A3F3A-7359-450D-8142-AA527E79294E}"
EndProject
Project("{FAE04EC0-301F-11D3-BF4B-00C04F79EFBC}") = "Ex7", "Ex7\Ex7.csproj", "{E224168E-3C9B-4D60-8797-04C595E3A596}"
EndProject
Project("{FAE04EC0-301F-11D3-BF4B-00C04F79EFBC}") = "Ex8", "Ex8\Ex8.csproj", "{8CC313AD-AD2D-48A6-92D3-87BF366B95EE}"
EndProject
Project("{FAE04EC0-301F-11D3-BF4B-00C04F79EFBC}") = "Ex9", "Ex9\Ex9.csproj", "{A87C2DB1-77E1-4251-BD49-2273F6D0890C}"
EndProject
Project("{FAE04EC0-301F-11D3-BF4B-00C04F79EFBC}") = "Ex10", "Ex10\Ex10.csproj", "{E7755D2B-B379-4F28-A143-764CB98C69A7}"
EndProject
Project("{FAE04EC0-301F-11D3-BF4B-00C04F79EFBC}") = "Ex11eEx12", "Ex11eEx12\Ex11eEx12.csproj", "{22005E32-B3CB-4A0B-8643-CF335B27E60A}"
EndProject
Project("{FAE04EC0-301F-11D3-BF4B-00C04F79EFBC}") = "Ex13", "Ex13\Ex13.csproj", "{50ACE0BE-93FD-4CEF-9A83-33DA6CB1CA43}"
EndProject
Project("{FAE04EC0-301F-11D3-BF4B-00C04F79EFBC}") = "Ex14", "Ex14\Ex14.csproj", "{3C0F0ED4-BDB4-45CC-9FB3-4A4C54848535}"
EndProject
Project("{FAE04EC0-301F-11D3-BF4B-00C04F79EFBC}") = "Ex15", "Ex15\Ex15.csproj", "{DB81EA77-09BC-4793-A8E1-63964916604E}"
EndProject
Global
	GlobalSection(SolutionConfigurationPlatforms) = preSolution
		Debug|Any CPU = Debug|Any CPU
		Release|Any CPU = Release|Any CPU
	EndGlobalSection
	GlobalSection(ProjectConfigurationPlatforms) = postSolution
		{3F83869E-71CA-476D-B0CA-00A74558F05A}.Debug|Any CPU.ActiveCfg = Debug|Any CPU
		{3F83869E-71CA-476D-B0CA-00A74558F05A}.Debug|Any CPU.Build.0 = Debug|Any CPU
		{3F83869E-71CA-476D-B0CA-00A74558F05A}.Release|Any CPU.ActiveCfg = Release|Any CPU
		{3F83869E-71CA-476D-B0CA-00A74558F05A}.Release|Any CPU.Build.0 = Release|Any CPU
		{3F8891A6-DF78-4B83-9BC8-0F2025CE55E7}.Debug|Any CPU.ActiveCfg = Debug|Any CPU
		{3F8891A6-DF78-4B83-9BC8-0F2025CE55E7}.Debug|Any CPU.Build.0 = Debug|Any CPU
		{3F8891A6-DF78-4B83-9BC8-0F2025CE55E7}.Release|Any CPU.ActiveCfg = Release|Any CPU
		{3F8891A6-DF78-4B83-9BC8-0F2025CE55E7}.Release|Any CPU.Build.0 = Release|Any CPU
		{455941D1-0A2D-45C7-A4EC-66DF8955B5A6}.Debug|Any CPU.ActiveCfg = Debug|Any CPU
		{455941D1-0A2D-45C7-A4EC-66DF8955B5A6}.Debug|Any CPU.Build.0 = Debug|Any CPU
		{455941D1-0A2D-45C7-A4EC-66DF8955B5A6}.Release|Any CPU.ActiveCfg = Release|Any CPU
		{455941D1-0A2D-45C7-A4EC-66DF8955B5A6}.Release|Any CPU.Build.0 = Release|Any CPU
		{00EB8005-A045-47B7-A260-D04BEC79A0E4}.Debug|Any CPU.ActiveCfg = Debug|Any CPU
		{00EB8005-A045-47B7-A260-D04BEC79A0E4}.Debug|Any CPU.Build.0 = Debug|Any CPU
		{00EB8005-A045-47B7-A260-D04BEC79A0E4}.Release|Any CPU.ActiveCfg = Release|Any CPU
		{00EB8005-A045-47B7-A260-D04BEC79A0E4}.Release|Any CPU.Build.0 = Release|Any CPU
		{6386ED48-30C3-4533-8978-105B5C147DCE}.Debug|Any CPU.ActiveCfg = Debug|Any CPU
		{6386ED48-30C3-4533-8978-105B5C147DCE}.Debug|Any CPU.Build.0 = Debug|Any CPU
		{6386ED48-30C3-4533-8978-105B5C147DCE}.Release|Any CPU.ActiveCfg = Release|Any CPU
		{6386ED48-30C3-4533-8978-105B5C147DCE}.Release|Any CPU.Build.0 = Release|Any CPU
		{725A3F3A-7359-450D-8142-AA527E79294E}.Debug|Any CPU.ActiveCfg = Debug|Any CPU
		{725A3F3A-7359-450D-8142-AA527E79294E}.Debug|Any CPU.Build.0 = Debug|Any CPU
		{725A3F3A-7359-450D-8142-AA527E79294E}.Release|Any CPU.ActiveCfg = Release|Any CPU
		{725A3F3A-7359-450D-8142-AA527E79294E}.Release|Any CPU.Build.0 = Release|Any CPU
		{E224168E-3C9B-4D60-8797-04C595E3A596}.Debug|Any CPU.ActiveCfg = Debug|Any CPU
		{E224168E-3C9B-4D60-8797-04C595E3A596}.Debug|Any CPU.Build.0 = Debug|Any CPU
		{E224168E-3C9B-4D60-8797-04C595E3A596}.Release|Any CPU.ActiveCfg = Release|Any CPU
		{E224168E-3C9B-4D60-8797-04C595E3A596}.Release|Any CPU.Build.0 = Release|Any CPU
		{8CC313AD-AD2D-48A6-92D3-87BF366B95EE}.Debug|Any CPU.ActiveCfg = Debug|Any CPU
		{8CC313AD-AD2D-48A6-92D3-87BF366B95EE}.Debug|Any CPU.Build.0 = Debug|Any CPU
		{8CC313AD-AD2D-48A6-92D3-87BF366B95EE}.Release|Any CPU.ActiveCfg = Release|Any CPU
		{8CC313AD-AD2D-48A6-92D3-87BF366B95EE}.Release|Any CPU.Build.0 = Release|Any CPU
		{A87C2DB1-77E1-4251-BD49-2273F6D0890C}.Debug|Any CPU.ActiveCfg = Debug|Any CPU
		{A87C2DB1-77E1-4251-BD49-2273F6D0890C}.Debug|Any CPU.Build.0 = Debug|Any CPU
		{A87C2DB1-77E1-4251-BD49-2273F6D0890C}.Release|Any CPU.ActiveCfg = Release|Any CPU
		{A87C2DB1-77E1-4251-BD49-2273F6D0890C}.Release|Any CPU.Build.0 = Release|Any CPU
		{E7755D2B-B379-4F28-A143-764CB98C69A7}.Debug|Any CPU.ActiveCfg = Debug|Any CPU
		{E7755D2B-B379-4F28-A143-764CB98C69A7}.Debug|Any CPU.Build.0 = Debug|Any CPU
		{E7755D2B-B379-4F28-A143-764CB98C69A7}.Release|Any CPU.ActiveCfg = Release|Any CPU
		{E7755D2B-B379-4F28-A143-764CB98C69A7}.Release|Any CPU.Build.0 = Release|Any CPU
		{22005E32-B3CB-4A0B-8643-CF335B27E60A}.Debug|Any CPU.ActiveCfg = Debug|Any CPU
		{22005E32-B3CB-4A0B-8643-CF335B27E60A}.Debug|Any CPU.Build.0 = Debug|Any CPU
		{22005E32-B3CB-4A0B-8643-CF335B27E60A}.Release|Any CPU.ActiveCfg = Release|Any CPU
		{22005E32-B3CB-4A0B-8643-CF335B27E60A}.Release|Any CPU.Build.0 = Release|Any CPU
		{50ACE0BE-93FD-4CEF-9A83-33DA6CB1CA43}.Debug|Any CPU.ActiveCfg = Debug|Any CPU
		{50ACE0BE-93FD-4CEF-9A83-33DA6CB1CA43}.Debug|Any CPU.Build.0 = Debug|Any CPU
		{50ACE0BE-93FD-4CEF-9A83-33DA6CB1CA43}.Release|Any CPU.ActiveCfg = Release|Any CPU
		{50ACE0BE-93FD-4CEF-9A83-33DA6CB1CA43}.Release|Any CPU.Build.0 = Release|Any CPU
		{3C0F0ED4-BDB4-45CC-9FB3-4A4C54848535}.Debug|Any CPU.ActiveCfg = Debug|Any CPU
		{3C0F0ED4-BDB4-45CC-9FB3-4A4C54848535}.Debug|Any CPU.Build.0 = Debug|Any CPU
		{3C0F0ED4-BDB4-45CC-9FB3-4A4C54848535}.Release|Any CPU.ActiveCfg = Release|Any CPU
		{3C0F0ED4-BDB4-45CC-9FB3-4A4C54848535}.Release|Any CPU.Build.0 = Release|Any CPU
		{DB81EA77-09BC-4793-A8E1-63964916604E}.Debug|Any CPU.ActiveCfg = Debug|Any CPU
		{DB81EA77-09BC-4793-A8E1-63964916604E}.Debug|Any CPU.Build.0 = Debug|Any CPU
		{DB81EA77-09BC-4793-A8E1-63964916604E}.Release|Any CPU.ActiveCfg = Release|Any CPU
		{DB81EA77-09BC-4793-A8E1-63964916604E}.Release|Any CPU.Build.0 = Release|Any CPU
	EndGlobalSection
	GlobalSection(SolutionProperties) = preSolution
		HideSolutionNode = FALSE
	EndGlobalSection
	GlobalSection(ExtensibilityGlobals) = postSolution
		SolutionGuid = {34E93302-FC96-4356-ACED-DA21FABDBB2B}
	EndGlobalSection
EndGlobal
