
Microsoft Visual Studio Solution File, Format Version 12.00
# Visual Studio Version 17
VisualStudioVersion = 17.11.35303.130
MinimumVisualStudioVersion = 10.0.40219.1
Project("{9A19103F-16F7-4668-BE54-9A1E7A4F7556}") = "Ex1", "Ex1\Ex1.csproj", "{CCE84F5E-CC49-4817-9643-EF82C62FF770}"
EndProject
Project("{9A19103F-16F7-4668-BE54-9A1E7A4F7556}") = "Ex2", "Ex2\Ex2.csproj", "{1860BB18-B14C-4587-9744-14DEFACC3C80}"
EndProject
Project("{9A19103F-16F7-4668-BE54-9A1E7A4F7556}") = "Ex3eEx4", "Ex3\Ex3eEx4.csproj", "{8A48E244-8B22-490E-B04A-50A79BB6D551}"
EndProject
Project("{9A19103F-16F7-4668-BE54-9A1E7A4F7556}") = "Ex5", "Ex5\Ex5.csproj", "{7E9D2750-F9B9-48E8-B86A-9A898E5DCE25}"
EndProject
Project("{9A19103F-16F7-4668-BE54-9A1E7A4F7556}") = "Ex6", "Ex6\Ex6.csproj", "{D06D1050-FB7F-4902-B798-458CAC5A3327}"
EndProject
Project("{9A19103F-16F7-4668-BE54-9A1E7A4F7556}") = "Ex7", "Ex7\Ex7.csproj", "{3622C306-AD54-4FD3-877F-B4E7A9FCA25E}"
EndProject
Project("{9A19103F-16F7-4668-BE54-9A1E7A4F7556}") = "Ex8", "Ex8\Ex8.csproj", "{5C777A94-A063-49B3-8991-CFA0449ED060}"
EndProject
Project("{9A19103F-16F7-4668-BE54-9A1E7A4F7556}") = "Ex9", "Ex9\Ex9.csproj", "{0F2E720E-4E6D-4FB5-90CB-91AC2B611960}"
EndProject
Project("{FAE04EC0-301F-11D3-BF4B-00C04F79EFBC}") = "Ex10", "Ex10\Ex10.csproj", "{DC9AB445-CFCA-4D2B-9196-F7660BE6CC0F}"
EndProject
Project("{FAE04EC0-301F-11D3-BF4B-00C04F79EFBC}") = "Ex11", "Ex11\Ex11.csproj", "{05BE665D-9760-41B4-A3E4-70B233C72454}"
EndProject
Project("{FAE04EC0-301F-11D3-BF4B-00C04F79EFBC}") = "Ex12", "Ex12\Ex12.csproj", "{8DF26C69-D29B-4B9A-BFC6-778FA7AD0B32}"
EndProject
Project("{FAE04EC0-301F-11D3-BF4B-00C04F79EFBC}") = "Ex13", "Ex13\Ex13.csproj", "{7ABB8FAA-67BF-415E-912A-9E9E5904771A}"
EndProject
Project("{FAE04EC0-301F-11D3-BF4B-00C04F79EFBC}") = "Ex14", "Ex14\Ex14.csproj", "{CB63B32C-8091-452A-814B-930567266C03}"
EndProject
Project("{FAE04EC0-301F-11D3-BF4B-00C04F79EFBC}") = "Ex15", "Ex15\Ex15.csproj", "{66801848-963E-4082-90B3-21EBF7CF2B9D}"
EndProject
Global
	GlobalSection(SolutionConfigurationPlatforms) = preSolution
		Debug|Any CPU = Debug|Any CPU
		Release|Any CPU = Release|Any CPU
	EndGlobalSection
	GlobalSection(ProjectConfigurationPlatforms) = postSolution
		{CCE84F5E-CC49-4817-9643-EF82C62FF770}.Debug|Any CPU.ActiveCfg = Debug|Any CPU
		{CCE84F5E-CC49-4817-9643-EF82C62FF770}.Debug|Any CPU.Build.0 = Debug|Any CPU
		{CCE84F5E-CC49-4817-9643-EF82C62FF770}.Release|Any CPU.ActiveCfg = Release|Any CPU
		{CCE84F5E-CC49-4817-9643-EF82C62FF770}.Release|Any CPU.Build.0 = Release|Any CPU
		{1860BB18-B14C-4587-9744-14DEFACC3C80}.Debug|Any CPU.ActiveCfg = Debug|Any CPU
		{1860BB18-B14C-4587-9744-14DEFACC3C80}.Debug|Any CPU.Build.0 = Debug|Any CPU
		{1860BB18-B14C-4587-9744-14DEFACC3C80}.Release|Any CPU.ActiveCfg = Release|Any CPU
		{1860BB18-B14C-4587-9744-14DEFACC3C80}.Release|Any CPU.Build.0 = Release|Any CPU
		{8A48E244-8B22-490E-B04A-50A79BB6D551}.Debug|Any CPU.ActiveCfg = Debug|Any CPU
		{8A48E244-8B22-490E-B04A-50A79BB6D551}.Debug|Any CPU.Build.0 = Debug|Any CPU
		{8A48E244-8B22-490E-B04A-50A79BB6D551}.Release|Any CPU.ActiveCfg = Release|Any CPU
		{8A48E244-8B22-490E-B04A-50A79BB6D551}.Release|Any CPU.Build.0 = Release|Any CPU
		{7E9D2750-F9B9-48E8-B86A-9A898E5DCE25}.Debug|Any CPU.ActiveCfg = Debug|Any CPU
		{7E9D2750-F9B9-48E8-B86A-9A898E5DCE25}.Debug|Any CPU.Build.0 = Debug|Any CPU
		{7E9D2750-F9B9-48E8-B86A-9A898E5DCE25}.Release|Any CPU.ActiveCfg = Release|Any CPU
		{7E9D2750-F9B9-48E8-B86A-9A898E5DCE25}.Release|Any CPU.Build.0 = Release|Any CPU
		{D06D1050-FB7F-4902-B798-458CAC5A3327}.Debug|Any CPU.ActiveCfg = Debug|Any CPU
		{D06D1050-FB7F-4902-B798-458CAC5A3327}.Debug|Any CPU.Build.0 = Debug|Any CPU
		{D06D1050-FB7F-4902-B798-458CAC5A3327}.Release|Any CPU.ActiveCfg = Release|Any CPU
		{D06D1050-FB7F-4902-B798-458CAC5A3327}.Release|Any CPU.Build.0 = Release|Any CPU
		{3622C306-AD54-4FD3-877F-B4E7A9FCA25E}.Debug|Any CPU.ActiveCfg = Debug|Any CPU
		{3622C306-AD54-4FD3-877F-B4E7A9FCA25E}.Debug|Any CPU.Build.0 = Debug|Any CPU
		{3622C306-AD54-4FD3-877F-B4E7A9FCA25E}.Release|Any CPU.ActiveCfg = Release|Any CPU
		{3622C306-AD54-4FD3-877F-B4E7A9FCA25E}.Release|Any CPU.Build.0 = Release|Any CPU
		{5C777A94-A063-49B3-8991-CFA0449ED060}.Debug|Any CPU.ActiveCfg = Debug|Any CPU
		{5C777A94-A063-49B3-8991-CFA0449ED060}.Debug|Any CPU.Build.0 = Debug|Any CPU
		{5C777A94-A063-49B3-8991-CFA0449ED060}.Release|Any CPU.ActiveCfg = Release|Any CPU
		{5C777A94-A063-49B3-8991-CFA0449ED060}.Release|Any CPU.Build.0 = Release|Any CPU
		{0F2E720E-4E6D-4FB5-90CB-91AC2B611960}.Debug|Any CPU.ActiveCfg = Debug|Any CPU
		{0F2E720E-4E6D-4FB5-90CB-91AC2B611960}.Debug|Any CPU.Build.0 = Debug|Any CPU
		{0F2E720E-4E6D-4FB5-90CB-91AC2B611960}.Release|Any CPU.ActiveCfg = Release|Any CPU
		{0F2E720E-4E6D-4FB5-90CB-91AC2B611960}.Release|Any CPU.Build.0 = Release|Any CPU
		{DC9AB445-CFCA-4D2B-9196-F7660BE6CC0F}.Debug|Any CPU.ActiveCfg = Debug|Any CPU
		{DC9AB445-CFCA-4D2B-9196-F7660BE6CC0F}.Debug|Any CPU.Build.0 = Debug|Any CPU
		{DC9AB445-CFCA-4D2B-9196-F7660BE6CC0F}.Release|Any CPU.ActiveCfg = Release|Any CPU
		{DC9AB445-CFCA-4D2B-9196-F7660BE6CC0F}.Release|Any CPU.Build.0 = Release|Any CPU
		{05BE665D-9760-41B4-A3E4-70B233C72454}.Debug|Any CPU.ActiveCfg = Debug|Any CPU
		{05BE665D-9760-41B4-A3E4-70B233C72454}.Debug|Any CPU.Build.0 = Debug|Any CPU
		{05BE665D-9760-41B4-A3E4-70B233C72454}.Release|Any CPU.ActiveCfg = Release|Any CPU
		{05BE665D-9760-41B4-A3E4-70B233C72454}.Release|Any CPU.Build.0 = Release|Any CPU
		{8DF26C69-D29B-4B9A-BFC6-778FA7AD0B32}.Debug|Any CPU.ActiveCfg = Debug|Any CPU
		{8DF26C69-D29B-4B9A-BFC6-778FA7AD0B32}.Debug|Any CPU.Build.0 = Debug|Any CPU
		{8DF26C69-D29B-4B9A-BFC6-778FA7AD0B32}.Release|Any CPU.ActiveCfg = Release|Any CPU
		{8DF26C69-D29B-4B9A-BFC6-778FA7AD0B32}.Release|Any CPU.Build.0 = Release|Any CPU
		{7ABB8FAA-67BF-415E-912A-9E9E5904771A}.Debug|Any CPU.ActiveCfg = Debug|Any CPU
		{7ABB8FAA-67BF-415E-912A-9E9E5904771A}.Debug|Any CPU.Build.0 = Debug|Any CPU
		{7ABB8FAA-67BF-415E-912A-9E9E5904771A}.Release|Any CPU.ActiveCfg = Release|Any CPU
		{7ABB8FAA-67BF-415E-912A-9E9E5904771A}.Release|Any CPU.Build.0 = Release|Any CPU
		{CB63B32C-8091-452A-814B-930567266C03}.Debug|Any CPU.ActiveCfg = Debug|Any CPU
		{CB63B32C-8091-452A-814B-930567266C03}.Debug|Any CPU.Build.0 = Debug|Any CPU
		{CB63B32C-8091-452A-814B-930567266C03}.Release|Any CPU.ActiveCfg = Release|Any CPU
		{CB63B32C-8091-452A-814B-930567266C03}.Release|Any CPU.Build.0 = Release|Any CPU
		{66801848-963E-4082-90B3-21EBF7CF2B9D}.Debug|Any CPU.ActiveCfg = Debug|Any CPU
		{66801848-963E-4082-90B3-21EBF7CF2B9D}.Debug|Any CPU.Build.0 = Debug|Any CPU
		{66801848-963E-4082-90B3-21EBF7CF2B9D}.Release|Any CPU.ActiveCfg = Release|Any CPU
		{66801848-963E-4082-90B3-21EBF7CF2B9D}.Release|Any CPU.Build.0 = Release|Any CPU
	EndGlobalSection
	GlobalSection(SolutionProperties) = preSolution
		HideSolutionNode = FALSE
	EndGlobalSection
	GlobalSection(ExtensibilityGlobals) = postSolution
		SolutionGuid = {4A0081F2-1251-4201-AB83-874D2FCF92F2}
	EndGlobalSection
EndGlobal
