
Microsoft Visual Studio Solution File, Format Version 12.00
# Visual Studio Version 17
VisualStudioVersion = 17.14.36518.9
MinimumVisualStudioVersion = 10.0.40219.1
Project("{FAE04EC0-301F-11D3-BF4B-00C04F79EFBC}") = "QuerySyntax", "QuerySyntax.csproj", "{3DE72883-B55D-4034-8FB7-38BC4AB7CC83}"
EndProject
Project("{FAE04EC0-301F-11D3-BF4B-00C04F79EFBC}") = "MethodSyntax", "..\MethodSyntax\MethodSyntax.csproj", "{8966233F-DAC8-41FE-BF25-E58A45D98E8A}"
EndProject
Project("{FAE04EC0-301F-11D3-BF4B-00C04F79EFBC}") = "OperadoresDeConjunto", "..\OperadoresDeConjunto\OperadoresDeConjunto.csproj", "{99CBAF03-40DD-401E-8437-C430DD9ADC4A}"
EndProject
Project("{FAE04EC0-301F-11D3-BF4B-00C04F79EFBC}") = "OperadoresDeOrdenacao", "..\OperadoresDeOrdenacao\OperadoresDeOrdenacao.csproj", "{1370F120-4595-4BFF-AAA0-B7AFEE3458ED}"
EndProject
Project("{FAE04EC0-301F-11D3-BF4B-00C04F79EFBC}") = "OperadoresDeAgregacao", "..\OperadoresDeAgregacao\OperadoresDeAgregacao.csproj", "{6EB78FF6-E568-42E3-94C5-1EA2DABAA59E}"
EndProject
Global
	GlobalSection(SolutionConfigurationPlatforms) = preSolution
		Debug|Any CPU = Debug|Any CPU
		Release|Any CPU = Release|Any CPU
	EndGlobalSection
	GlobalSection(ProjectConfigurationPlatforms) = postSolution
		{3DE72883-B55D-4034-8FB7-38BC4AB7CC83}.Debug|Any CPU.ActiveCfg = Debug|Any CPU
		{3DE72883-B55D-4034-8FB7-38BC4AB7CC83}.Debug|Any CPU.Build.0 = Debug|Any CPU
		{3DE72883-B55D-4034-8FB7-38BC4AB7CC83}.Release|Any CPU.ActiveCfg = Release|Any CPU
		{3DE72883-B55D-4034-8FB7-38BC4AB7CC83}.Release|Any CPU.Build.0 = Release|Any CPU
		{8966233F-DAC8-41FE-BF25-E58A45D98E8A}.Debug|Any CPU.ActiveCfg = Debug|Any CPU
		{8966233F-DAC8-41FE-BF25-E58A45D98E8A}.Debug|Any CPU.Build.0 = Debug|Any CPU
		{8966233F-DAC8-41FE-BF25-E58A45D98E8A}.Release|Any CPU.ActiveCfg = Release|Any CPU
		{8966233F-DAC8-41FE-BF25-E58A45D98E8A}.Release|Any CPU.Build.0 = Release|Any CPU
		{99CBAF03-40DD-401E-8437-C430DD9ADC4A}.Debug|Any CPU.ActiveCfg = Debug|Any CPU
		{99CBAF03-40DD-401E-8437-C430DD9ADC4A}.Debug|Any CPU.Build.0 = Debug|Any CPU
		{99CBAF03-40DD-401E-8437-C430DD9ADC4A}.Release|Any CPU.ActiveCfg = Release|Any CPU
		{99CBAF03-40DD-401E-8437-C430DD9ADC4A}.Release|Any CPU.Build.0 = Release|Any CPU
		{1370F120-4595-4BFF-AAA0-B7AFEE3458ED}.Debug|Any CPU.ActiveCfg = Debug|Any CPU
		{1370F120-4595-4BFF-AAA0-B7AFEE3458ED}.Debug|Any CPU.Build.0 = Debug|Any CPU
		{1370F120-4595-4BFF-AAA0-B7AFEE3458ED}.Release|Any CPU.ActiveCfg = Release|Any CPU
		{1370F120-4595-4BFF-AAA0-B7AFEE3458ED}.Release|Any CPU.Build.0 = Release|Any CPU
		{6EB78FF6-E568-42E3-94C5-1EA2DABAA59E}.Debug|Any CPU.ActiveCfg = Debug|Any CPU
		{6EB78FF6-E568-42E3-94C5-1EA2DABAA59E}.Debug|Any CPU.Build.0 = Debug|Any CPU
		{6EB78FF6-E568-42E3-94C5-1EA2DABAA59E}.Release|Any CPU.ActiveCfg = Release|Any CPU
		{6EB78FF6-E568-42E3-94C5-1EA2DABAA59E}.Release|Any CPU.Build.0 = Release|Any CPU
	EndGlobalSection
	GlobalSection(SolutionProperties) = preSolution
		HideSolutionNode = FALSE
	EndGlobalSection
	GlobalSection(ExtensibilityGlobals) = postSolution
		SolutionGuid = {01EA453A-059B-448F-9DB1-54F01005D47F}
	EndGlobalSection
EndGlobal
