
Microsoft Visual Studio Solution File, Format Version 12.00
# Visual Studio Version 17
VisualStudioVersion = 17.14.36408.4 d17.14
MinimumVisualStudioVersion = 10.0.40219.1
Project("{FAE04EC0-301F-11D3-BF4B-00C04F79EFBC}") = "LINQ2", "LINQ2\LINQ2.csproj", "{663EFACC-E573-4688-B708-0F11AC6A86AD}"
EndProject
Global
	GlobalSection(SolutionConfigurationPlatforms) = preSolution
		Debug|Any CPU = Debug|Any CPU
		Release|Any CPU = Release|Any CPU
	EndGlobalSection
	GlobalSection(ProjectConfigurationPlatforms) = postSolution
		{663EFACC-E573-4688-B708-0F11AC6A86AD}.Debug|Any CPU.ActiveCfg = Debug|Any CPU
		{663EFACC-E573-4688-B708-0F11AC6A86AD}.Debug|Any CPU.Build.0 = Debug|Any CPU
		{663EFACC-E573-4688-B708-0F11AC6A86AD}.Release|Any CPU.ActiveCfg = Release|Any CPU
		{663EFACC-E573-4688-B708-0F11AC6A86AD}.Release|Any CPU.Build.0 = Release|Any CPU
	EndGlobalSection
	GlobalSection(SolutionProperties) = preSolution
		HideSolutionNode = FALSE
	EndGlobalSection
	GlobalSection(ExtensibilityGlobals) = postSolution
		SolutionGuid = {CC3CB1C4-1B20-424F-BB58-94ADE0851900}
	EndGlobalSection
EndGlobal
